// !$*UTF8*$!
{
	archiveVersion = 1;
	classes = {
	};
	objectVersion = 50;
	objects = {

/* Begin PBXBuildFile section */
		CBE3B8BB235E324F00AAA6AE /* QuestViewController.swift in Sources */ = {isa = PBXBuildFile; fileRef = CBE3B8BA235E324F00AAA6AE /* QuestViewController.swift */; };
		F3A9F700235799F0003EA180 /* AppDelegate.swift in Sources */ = {isa = PBXBuildFile; fileRef = F3A9F6FF235799F0003EA180 /* AppDelegate.swift */; };
		F3A9F702235799F0003EA180 /* NewAdventurerViewController.swift in Sources */ = {isa = PBXBuildFile; fileRef = F3A9F701235799F0003EA180 /* NewAdventurerViewController.swift */; };
		F3A9F705235799F0003EA180 /* Main.storyboard in Resources */ = {isa = PBXBuildFile; fileRef = F3A9F703235799F0003EA180 /* Main.storyboard */; };
		F3A9F708235799F0003EA180 /* group4_assignment6.xcdatamodeld in Sources */ = {isa = PBXBuildFile; fileRef = F3A9F706235799F0003EA180 /* group4_assignment6.xcdatamodeld */; };
		F3A9F70A235799F0003EA180 /* Assets.xcassets in Resources */ = {isa = PBXBuildFile; fileRef = F3A9F709235799F0003EA180 /* Assets.xcassets */; };
		F3A9F70D235799F0003EA180 /* LaunchScreen.storyboard in Resources */ = {isa = PBXBuildFile; fileRef = F3A9F70B235799F0003EA180 /* LaunchScreen.storyboard */; };
		F3A9F717235A305D003EA180 /* AdventurerTableViewController.swift in Sources */ = {isa = PBXBuildFile; fileRef = F3A9F716235A305D003EA180 /* AdventurerTableViewController.swift */; };
/* End PBXBuildFile section */

/* Begin PBXFileReference section */
		CBE3B8BA235E324F00AAA6AE /* QuestViewController.swift */ = {isa = PBXFileReference; lastKnownFileType = sourcecode.swift; path = QuestViewController.swift; sourceTree = "<group>"; };
		F3A9F6FC235799F0003EA180 /* group4_assignment6.app */ = {isa = PBXFileReference; explicitFileType = wrapper.application; includeInIndex = 0; path = group4_assignment6.app; sourceTree = BUILT_PRODUCTS_DIR; };
		F3A9F6FF235799F0003EA180 /* AppDelegate.swift */ = {isa = PBXFileReference; lastKnownFileType = sourcecode.swift; path = AppDelegate.swift; sourceTree = "<group>"; };
		F3A9F701235799F0003EA180 /* NewAdventurerViewController.swift */ = {isa = PBXFileReference; lastKnownFileType = sourcecode.swift; path = NewAdventurerViewController.swift; sourceTree = "<group>"; };
		F3A9F704235799F0003EA180 /* Base */ = {isa = PBXFileReference; lastKnownFileType = file.storyboard; name = Base; path = Base.lproj/Main.storyboard; sourceTree = "<group>"; };
		F3A9F707235799F0003EA180 /* group4_assignment6.xcdatamodel */ = {isa = PBXFileReference; lastKnownFileType = wrapper.xcdatamodel; path = group4_assignment6.xcdatamodel; sourceTree = "<group>"; };
		F3A9F709235799F0003EA180 /* Assets.xcassets */ = {isa = PBXFileReference; lastKnownFileType = folder.assetcatalog; path = Assets.xcassets; sourceTree = "<group>"; };
		F3A9F70C235799F0003EA180 /* Base */ = {isa = PBXFileReference; lastKnownFileType = file.storyboard; name = Base; path = Base.lproj/LaunchScreen.storyboard; sourceTree = "<group>"; };
		F3A9F70E235799F0003EA180 /* Info.plist */ = {isa = PBXFileReference; lastKnownFileType = text.plist.xml; path = Info.plist; sourceTree = "<group>"; };
		F3A9F716235A305D003EA180 /* AdventurerTableViewController.swift */ = {isa = PBXFileReference; lastKnownFileType = sourcecode.swift; path = AdventurerTableViewController.swift; sourceTree = "<group>"; };
/* End PBXFileReference section */

/* Begin PBXFrameworksBuildPhase section */
		F3A9F6F9235799F0003EA180 /* Frameworks */ = {
			isa = PBXFrameworksBuildPhase;
			buildActionMask = 2147483647;
			files = (
			);
			runOnlyForDeploymentPostprocessing = 0;
		};
/* End PBXFrameworksBuildPhase section */

/* Begin PBXGroup section */
		F3A9F6F3235799EF003EA180 = {
			isa = PBXGroup;
			children = (
				F3A9F6FE235799F0003EA180 /* group4_assignment6 */,
				F3A9F6FD235799F0003EA180 /* Products */,
			);
			sourceTree = "<group>";
		};
		F3A9F6FD235799F0003EA180 /* Products */ = {
			isa = PBXGroup;
			children = (
				F3A9F6FC235799F0003EA180 /* group4_assignment6.app */,
			);
			name = Products;
			sourceTree = "<group>";
		};
		F3A9F6FE235799F0003EA180 /* group4_assignment6 */ = {
			isa = PBXGroup;
			children = (
				F3A9F6FF235799F0003EA180 /* AppDelegate.swift */,
				F3A9F716235A305D003EA180 /* AdventurerTableViewController.swift */,
				F3A9F701235799F0003EA180 /* NewAdventurerViewController.swift */,
				CBE3B8BA235E324F00AAA6AE /* QuestViewController.swift */,
				F3A9F703235799F0003EA180 /* Main.storyboard */,
				F3A9F709235799F0003EA180 /* Assets.xcassets */,
				F3A9F70B235799F0003EA180 /* LaunchScreen.storyboard */,
				F3A9F70E235799F0003EA180 /* Info.plist */,
				F3A9F706235799F0003EA180 /* group4_assignment6.xcdatamodeld */,
			);
			path = group4_assignment6;
			sourceTree = "<group>";
		};
/* End PBXGroup section */

/* Begin PBXNativeTarget section */
		F3A9F6FB235799F0003EA180 /* group4_assignment6 */ = {
			isa = PBXNativeTarget;
			buildConfigurationList = F3A9F711235799F0003EA180 /* Build configuration list for PBXNativeTarget "group4_assignment6" */;
			buildPhases = (
				F3A9F6F8235799F0003EA180 /* Sources */,
				F3A9F6F9235799F0003EA180 /* Frameworks */,
				F3A9F6FA235799F0003EA180 /* Resources */,
			);
			buildRules = (
			);
			dependencies = (
			);
			name = group4_assignment6;
			productName = group4_assignment6;
			productReference = F3A9F6FC235799F0003EA180 /* group4_assignment6.app */;
			productType = "com.apple.product-type.application";
		};
/* End PBXNativeTarget section */

/* Begin PBXProject section */
		F3A9F6F4235799EF003EA180 /* Project object */ = {
			isa = PBXProject;
			attributes = {
				LastSwiftUpdateCheck = 1010;
				LastUpgradeCheck = 1010;
				ORGANIZATIONNAME = cs329e;
				TargetAttributes = {
					F3A9F6FB235799F0003EA180 = {
						CreatedOnToolsVersion = 10.1;
					};
				};
			};
			buildConfigurationList = F3A9F6F7235799EF003EA180 /* Build configuration list for PBXProject "group4_assignment6" */;
			compatibilityVersion = "Xcode 9.3";
			developmentRegion = en;
			hasScannedForEncodings = 0;
			knownRegions = (
				en,
				Base,
			);
			mainGroup = F3A9F6F3235799EF003EA180;
			productRefGroup = F3A9F6FD235799F0003EA180 /* Products */;
			projectDirPath = "";
			projectRoot = "";
			targets = (
				F3A9F6FB235799F0003EA180 /* group4_assignment6 */,
			);
		};
/* End PBXProject section */

/* Begin PBXResourcesBuildPhase section */
		F3A9F6FA235799F0003EA180 /* Resources */ = {
			isa = PBXResourcesBuildPhase;
			buildActionMask = 2147483647;
			files = (
				F3A9F70D235799F0003EA180 /* LaunchScreen.storyboard in Resources */,
				F3A9F70A235799F0003EA180 /* Assets.xcassets in Resources */,
				F3A9F705235799F0003EA180 /* Main.storyboard in Resources */,
			);
			runOnlyForDeploymentPostprocessing = 0;
		};
/* End PBXResourcesBuildPhase section */

/* Begin PBXSourcesBuildPhase section */
		F3A9F6F8235799F0003EA180 /* Sources */ = {
			isa = PBXSourcesBuildPhase;
			buildActionMask = 2147483647;
			files = (
				F3A9F708235799F0003EA180 /* group4_assignment6.xcdatamodeld in Sources */,
				F3A9F717235A305D003EA180 /* AdventurerTableViewController.swift in Sources */,
				CBE3B8BB235E324F00AAA6AE /* QuestViewController.swift in Sources */,
				F3A9F702235799F0003EA180 /* NewAdventurerViewController.swift in Sources */,
				F3A9F700235799F0003EA180 /* AppDelegate.swift in Sources */,
			);
			runOnlyForDeploymentPostprocessing = 0;
		};
/* End PBXSourcesBuildPhase section */

/* Begin PBXVariantGroup section */
		F3A9F703235799F0003EA180 /* Main.storyboard */ = {
			isa = PBXVariantGroup;
			children = (
				F3A9F704235799F0003EA180 /* Base */,
			);
			name = Main.storyboard;
			sourceTree = "<group>";
		};
		F3A9F70B235799F0003EA180 /* LaunchScreen.storyboard */ = {
			isa = PBXVariantGroup;
			children = (
				F3A9F70C235799F0003EA180 /* Base */,
			);
			name = LaunchScreen.storyboard;
			sourceTree = "<group>";
		};
/* End PBXVariantGroup section */

/* Begin XCBuildConfiguration section */
		F3A9F70F235799F0003EA180 /* Debug */ = {
			isa = XCBuildConfiguration;
			buildSettings = {
				ALWAYS_SEARCH_USER_PATHS = NO;
				CLANG_ANALYZER_NONNULL = YES;
				CLANG_ANALYZER_NUMBER_OBJECT_CONVERSION = YES_AGGRESSIVE;
				CLANG_CXX_LANGUAGE_STANDARD = "gnu++14";
				CLANG_CXX_LIBRARY = "libc++";
				CLANG_ENABLE_MODULES = YES;
				CLANG_ENABLE_OBJC_ARC = YES;
				CLANG_ENABLE_OBJC_WEAK = YES;
				CLANG_WARN_BLOCK_CAPTURE_AUTORELEASING = YES;
				CLANG_WARN_BOOL_CONVERSION = YES;
				CLANG_WARN_COMMA = YES;
				CLANG_WARN_CONSTANT_CONVERSION = YES;
				CLANG_WARN_DEPRECATED_OBJC_IMPLEMENTATIONS = YES;
				CLANG_WARN_DIRECT_OBJC_ISA_USAGE = YES_ERROR;
				CLANG_WARN_DOCUMENTATION_COMMENTS = YES;
				CLANG_WARN_EMPTY_BODY = YES;
				CLANG_WARN_ENUM_CONVERSION = YES;
				CLANG_WARN_INFINITE_RECURSION = YES;
				CLANG_WARN_INT_CONVERSION = YES;
				CLANG_WARN_NON_LITERAL_NULL_CONVERSION = YES;
				CLANG_WARN_OBJC_IMPLICIT_RETAIN_SELF = YES;
				CLANG_WARN_OBJC_LITERAL_CONVERSION = YES;
				CLANG_WARN_OBJC_ROOT_CLASS = YES_ERROR;
				CLANG_WARN_RANGE_LOOP_ANALYSIS = YES;
				CLANG_WARN_STRICT_PROTOTYPES = YES;
				CLANG_WARN_SUSPICIOUS_MOVE = YES;
				CLANG_WARN_UNGUARDED_AVAILABILITY = YES_AGGRESSIVE;
				CLANG_WARN_UNREACHABLE_CODE = YES;
				CLANG_WARN__DUPLICATE_METHOD_MATCH = YES;
				CODE_SIGN_IDENTITY = "iPhone Developer";
				COPY_PHASE_STRIP = NO;
				DEBUG_INFORMATION_FORMAT = dwarf;
				ENABLE_STRICT_OBJC_MSGSEND = YES;
				ENABLE_TESTABILITY = YES;
				GCC_C_LANGUAGE_STANDARD = gnu11;
				GCC_DYNAMIC_NO_PIC = NO;
				GCC_NO_COMMON_BLOCKS = YES;
				GCC_OPTIMIZATION_LEVEL = 0;
				GCC_PREPROCESSOR_DEFINITIONS = (
					"DEBUG=1",
					"$(inherited)",
				);
				GCC_WARN_64_TO_32_BIT_CONVERSION = YES;
				GCC_WARN_ABOUT_RETURN_TYPE = YES_ERROR;
				GCC_WARN_UNDECLARED_SELECTOR = YES;
				GCC_WARN_UNINITIALIZED_AUTOS = YES_AGGRESSIVE;
				GCC_WARN_UNUSED_FUNCTION = YES;
				GCC_WARN_UNUSED_VARIABLE = YES;
				IPHONEOS_DEPLOYMENT_TARGET = 12.1;
				MTL_ENABLE_DEBUG_INFO = INCLUDE_SOURCE;
				MTL_FAST_MATH = YES;
				ONLY_ACTIVE_ARCH = YES;
				SDKROOT = iphoneos;
				SWIFT_ACTIVE_COMPILATION_CONDITIONS = DEBUG;
				SWIFT_OPTIMIZATION_LEVEL = "-Onone";
			};
			name = Debug;
		};
		F3A9F710235799F0003EA180 /* Release */ = {
			isa = XCBuildConfiguration;
			buildSettings = {
				ALWAYS_SEARCH_USER_PATHS = NO;
				CLANG_ANALYZER_NONNULL = YES;
				CLANG_ANALYZER_NUMBER_OBJECT_CONVERSION = YES_AGGRESSIVE;
				CLANG_CXX_LANGUAGE_STANDARD = "gnu++14";
				CLANG_CXX_LIBRARY = "libc++";
				CLANG_ENABLE_MODULES = YES;
				CLANG_ENABLE_OBJC_ARC = YES;
				CLANG_ENABLE_OBJC_WEAK = YES;
				CLANG_WARN_BLOCK_CAPTURE_AUTORELEASING = YES;
				CLANG_WARN_BOOL_CONVERSION = YES;
				CLANG_WARN_COMMA = YES;
				CLANG_WARN_CONSTANT_CONVERSION = YES;
				CLANG_WARN_DEPRECATED_OBJC_IMPLEMENTATIONS = YES;
				CLANG_WARN_DIRECT_OBJC_ISA_USAGE = YES_ERROR;
				CLANG_WARN_DOCUMENTATION_COMMENTS = YES;
				CLANG_WARN_EMPTY_BODY = YES;
				CLANG_WARN_ENUM_CONVERSION = YES;
				CLANG_WARN_INFINITE_RECURSION = YES;
				CLANG_WARN_INT_CONVERSION = YES;
				CLANG_WARN_NON_LITERAL_NULL_CONVERSION = YES;
				CLANG_WARN_OBJC_IMPLICIT_RETAIN_SELF = YES;
				CLANG_WARN_OBJC_LITERAL_CONVERSION = YES;
				CLANG_WARN_OBJC_ROOT_CLASS = YES_ERROR;
				CLANG_WARN_RANGE_LOOP_ANALYSIS = YES;
				CLANG_WARN_STRICT_PROTOTYPES = YES;
				CLANG_WARN_SUSPICIOUS_MOVE = YES;
				CLANG_WARN_UNGUARDED_AVAILABILITY = YES_AGGRESSIVE;
				CLANG_WARN_UNREACHABLE_CODE = YES;
				CLANG_WARN__DUPLICATE_METHOD_MATCH = YES;
				CODE_SIGN_IDENTITY = "iPhone Developer";
				COPY_PHASE_STRIP = NO;
				DEBUG_INFORMATION_FORMAT = "dwarf-with-dsym";
				ENABLE_NS_ASSERTIONS = NO;
				ENABLE_STRICT_OBJC_MSGSEND = YES;
				GCC_C_LANGUAGE_STANDARD = gnu11;
				GCC_NO_COMMON_BLOCKS = YES;
				GCC_WARN_64_TO_32_BIT_CONVERSION = YES;
				GCC_WARN_ABOUT_RETURN_TYPE = YES_ERROR;
				GCC_WARN_UNDECLARED_SELECTOR = YES;
				GCC_WARN_UNINITIALIZED_AUTOS = YES_AGGRESSIVE;
				GCC_WARN_UNUSED_FUNCTION = YES;
				GCC_WARN_UNUSED_VARIABLE = YES;
				IPHONEOS_DEPLOYMENT_TARGET = 12.1;
				MTL_ENABLE_DEBUG_INFO = NO;
				MTL_FAST_MATH = YES;
				SDKROOT = iphoneos;
				SWIFT_COMPILATION_MODE = wholemodule;
				SWIFT_OPTIMIZATION_LEVEL = "-O";
				VALIDATE_PRODUCT = YES;
			};
			name = Release;
		};
		F3A9F712235799F0003EA180 /* Debug */ = {
			isa = XCBuildConfiguration;
			buildSettings = {
				ASSETCATALOG_COMPILER_APPICON_NAME = AppIcon;
				CODE_SIGN_STYLE = Automatic;
				INFOPLIST_FILE = group4_assignment6/Info.plist;
				LD_RUNPATH_SEARCH_PATHS = (
					"$(inherited)",
					"@executable_path/Frameworks",
				);
				PRODUCT_BUNDLE_IDENTIFIER = "com.example.group4-assignment6";
				PRODUCT_NAME = "$(TARGET_NAME)";
				SWIFT_VERSION = 4.2;
				TARGETED_DEVICE_FAMILY = "1,2";
			};
			name = Debug;
		};
		F3A9F713235799F0003EA180 /* Release */ = {
			isa = XCBuildConfiguration;
			buildSettings = {
				ASSETCATALOG_COMPILER_APPICON_NAME = AppIcon;
				CODE_SIGN_STYLE = Automatic;
				INFOPLIST_FILE = group4_assignment6/Info.plist;
				LD_RUNPATH_SEARCH_PATHS = (
					"$(inherited)",
					"@executable_path/Frameworks",
				);
				PRODUCT_BUNDLE_IDENTIFIER = "com.example.group4-assignment6";
				PRODUCT_NAME = "$(TARGET_NAME)";
				SWIFT_VERSION = 4.2;
				TARGETED_DEVICE_FAMILY = "1,2";
			};
			name = Release;
		};
/* End XCBuildConfiguration section */

/* Begin XCConfigurationList section */
		F3A9F6F7235799EF003EA180 /* Build configuration list for PBXProject "group4_assignment6" */ = {
			isa = XCConfigurationList;
			buildConfigurations = (
				F3A9F70F235799F0003EA180 /* Debug */,
				F3A9F710235799F0003EA180 /* Release */,
			);
			defaultConfigurationIsVisible = 0;
			defaultConfigurationName = Release;
		};
		F3A9F711235799F0003EA180 /* Build configuration list for PBXNativeTarget "group4_assignment6" */ = {
			isa = XCConfigurationList;
			buildConfigurations = (
				F3A9F712235799F0003EA180 /* Debug */,
				F3A9F713235799F0003EA180 /* Release */,
			);
			defaultConfigurationIsVisible = 0;
			defaultConfigurationName = Release;
		};
/* End XCConfigurationList section */

/* Begin XCVersionGroup section */
		F3A9F706235799F0003EA180 /* group4_assignment6.xcdatamodeld */ = {
			isa = XCVersionGroup;
			children = (
				F3A9F707235799F0003EA180 /* group4_assignment6.xcdatamodel */,
			);
			currentVersion = F3A9F707235799F0003EA180 /* group4_assignment6.xcdatamodel */;
			path = group4_assignment6.xcdatamodeld;
			sourceTree = "<group>";
			versionGroupType = wrapper.xcdatamodel;
		};
/* End XCVersionGroup section */
	};
	rootObject = F3A9F6F4235799EF003EA180 /* Project object */;
}
